
Microsoft Visual Studio Solution File, Format Version 12.00
# Visual Studio 14
VisualStudioVersion = 14.0.25420.1
MinimumVisualStudioVersion = 10.0.40219.1
Project("{FAE04EC0-301F-11D3-BF4B-00C04F79EFBC}") = "HPE", "HPE\HPE.csproj", "{8AD6A67C-BA4F-4715-AC05-09498A1ED62B}"
EndProject
Project("{FAE04EC0-301F-11D3-BF4B-00C04F79EFBC}") = "Windows", "Windows\Windows.csproj", "{642A576F-7897-455D-BB83-873E94319275}"
EndProject
Global
	GlobalSection(SolutionConfigurationPlatforms) = preSolution
		Debug|Any CPU = Debug|Any CPU
		Release|Any CPU = Release|Any CPU
	EndGlobalSection
	GlobalSection(ProjectConfigurationPlatforms) = postSolution
		{8AD6A67C-BA4F-4715-AC05-09498A1ED62B}.Debug|Any CPU.ActiveCfg = Debug|Any CPU
		{8AD6A67C-BA4F-4715-AC05-09498A1ED62B}.Debug|Any CPU.Build.0 = Debug|Any CPU
		{8AD6A67C-BA4F-4715-AC05-09498A1ED62B}.Release|Any CPU.ActiveCfg = Release|Any CPU
		{8AD6A67C-BA4F-4715-AC05-09498A1ED62B}.Release|Any CPU.Build.0 = Release|Any CPU
		{642A576F-7897-455D-BB83-873E94319275}.Debug|Any CPU.ActiveCfg = Debug|Any CPU
		{642A576F-7897-455D-BB83-873E94319275}.Debug|Any CPU.Build.0 = Debug|Any CPU
		{642A576F-7897-455D-BB83-873E94319275}.Release|Any CPU.ActiveCfg = Release|Any CPU
		{642A576F-7897-455D-BB83-873E94319275}.Release|Any CPU.Build.0 = Release|Any CPU
	EndGlobalSection
	GlobalSection(SolutionProperties) = preSolution
		HideSolutionNode = FALSE
	EndGlobalSection
EndGlobal
